
Microsoft Visual Studio Solution File, Format Version 12.00
# Visual Studio Version 17
VisualStudioVersion = 17.8.34525.116
MinimumVisualStudioVersion = 10.0.40219.1
Project("{FAE04EC0-301F-11D3-BF4B-00C04F79EFBC}") = "Advanced_Lesson_5", "Advanced_Lesson_5.csproj", "{89349C32-661F-4043-BF04-53CB6CCDC2C9}"
EndProject
Project("{FAE04EC0-301F-11D3-BF4B-00C04F79EFBC}") = "ClassLibrary_Advanced_Lesson_5", "..\ClassLibrary_Advanced_Lesson_5\ClassLibrary_Advanced_Lesson_5.csproj", "{4C294B4A-AA28-4BED-AD0E-28BD3985EF37}"
EndProject
Project("{FAE04EC0-301F-11D3-BF4B-00C04F79EFBC}") = "Generics_Lesson_5", "..\Generics_Lesson_5\Generics_Lesson_5.csproj", "{E89EE189-38AA-4530-B751-290754E08FC7}"
EndProject
Project("{FAE04EC0-301F-11D3-BF4B-00C04F79EFBC}") = "Lesson_5_Classwork", "..\Lesson_5_Classwork\Lesson_5_Classwork.csproj", "{772C4A1B-7B4D-4154-80CD-95ACA5EFE624}"
EndProject
Global
	GlobalSection(SolutionConfigurationPlatforms) = preSolution
		Debug|Any CPU = Debug|Any CPU
		Release|Any CPU = Release|Any CPU
	EndGlobalSection
	GlobalSection(ProjectConfigurationPlatforms) = postSolution
		{89349C32-661F-4043-BF04-53CB6CCDC2C9}.Debug|Any CPU.ActiveCfg = Debug|Any CPU
		{89349C32-661F-4043-BF04-53CB6CCDC2C9}.Debug|Any CPU.Build.0 = Debug|Any CPU
		{89349C32-661F-4043-BF04-53CB6CCDC2C9}.Release|Any CPU.ActiveCfg = Release|Any CPU
		{89349C32-661F-4043-BF04-53CB6CCDC2C9}.Release|Any CPU.Build.0 = Release|Any CPU
		{4C294B4A-AA28-4BED-AD0E-28BD3985EF37}.Debug|Any CPU.ActiveCfg = Debug|Any CPU
		{4C294B4A-AA28-4BED-AD0E-28BD3985EF37}.Debug|Any CPU.Build.0 = Debug|Any CPU
		{4C294B4A-AA28-4BED-AD0E-28BD3985EF37}.Release|Any CPU.ActiveCfg = Release|Any CPU
		{4C294B4A-AA28-4BED-AD0E-28BD3985EF37}.Release|Any CPU.Build.0 = Release|Any CPU
		{E89EE189-38AA-4530-B751-290754E08FC7}.Debug|Any CPU.ActiveCfg = Debug|Any CPU
		{E89EE189-38AA-4530-B751-290754E08FC7}.Debug|Any CPU.Build.0 = Debug|Any CPU
		{E89EE189-38AA-4530-B751-290754E08FC7}.Release|Any CPU.ActiveCfg = Release|Any CPU
		{E89EE189-38AA-4530-B751-290754E08FC7}.Release|Any CPU.Build.0 = Release|Any CPU
		{772C4A1B-7B4D-4154-80CD-95ACA5EFE624}.Debug|Any CPU.ActiveCfg = Debug|Any CPU
		{772C4A1B-7B4D-4154-80CD-95ACA5EFE624}.Debug|Any CPU.Build.0 = Debug|Any CPU
		{772C4A1B-7B4D-4154-80CD-95ACA5EFE624}.Release|Any CPU.ActiveCfg = Release|Any CPU
		{772C4A1B-7B4D-4154-80CD-95ACA5EFE624}.Release|Any CPU.Build.0 = Release|Any CPU
	EndGlobalSection
	GlobalSection(SolutionProperties) = preSolution
		HideSolutionNode = FALSE
	EndGlobalSection
	GlobalSection(ExtensibilityGlobals) = postSolution
		SolutionGuid = {0B8E935E-00BD-4665-B1FB-E50C8CA2CD09}
	EndGlobalSection
EndGlobal
